// !$*UTF8*$!
{
	archiveVersion = 1;
	classes = {
	};
	objectVersion = 48;
	objects = {

/* Begin PBXBuildFile section */
		D29296A7206DC75400B5F358 /* AppDelegate.m in Sources */ = {isa = PBXBuildFile; fileRef = D29296A6206DC75400B5F358 /* AppDelegate.m */; };
		D29296AA206DC75400B5F358 /* ViewController.m in Sources */ = {isa = PBXBuildFile; fileRef = D29296A9206DC75400B5F358 /* ViewController.m */; };
		D29296AD206DC75400B5F358 /* Main.storyboard in Resources */ = {isa = PBXBuildFile; fileRef = D29296AB206DC75400B5F358 /* Main.storyboard */; };
		D29296AF206DC75400B5F358 /* Assets.xcassets in Resources */ = {isa = PBXBuildFile; fileRef = D29296AE206DC75400B5F358 /* Assets.xcassets */; };
		D29296B2206DC75400B5F358 /* LaunchScreen.storyboard in Resources */ = {isa = PBXBuildFile; fileRef = D29296B0206DC75400B5F358 /* LaunchScreen.storyboard */; };
		D29296B5206DC75400B5F358 /* main.m in Sources */ = {isa = PBXBuildFile; fileRef = D29296B4206DC75400B5F358 /* main.m */; };
		D29296BF206DC75400B5F358 /* LACustomProgressTests.m in Sources */ = {isa = PBXBuildFile; fileRef = D29296BE206DC75400B5F358 /* LACustomProgressTests.m */; };
		D29296CA206DC75400B5F358 /* LACustomProgressUITests.m in Sources */ = {isa = PBXBuildFile; fileRef = D29296C9206DC75400B5F358 /* LACustomProgressUITests.m */; };
/* End PBXBuildFile section */

/* Begin PBXContainerItemProxy section */
		D29296BB206DC75400B5F358 /* PBXContainerItemProxy */ = {
			isa = PBXContainerItemProxy;
			containerPortal = D292969A206DC75400B5F358 /* Project object */;
			proxyType = 1;
			remoteGlobalIDString = D29296A1206DC75400B5F358;
			remoteInfo = LACustomProgress;
		};
		D29296C6206DC75400B5F358 /* PBXContainerItemProxy */ = {
			isa = PBXContainerItemProxy;
			containerPortal = D292969A206DC75400B5F358 /* Project object */;
			proxyType = 1;
			remoteGlobalIDString = D29296A1206DC75400B5F358;
			remoteInfo = LACustomProgress;
		};
/* End PBXContainerItemProxy section */

/* Begin PBXFileReference section */
		D29296A2206DC75400B5F358 /* LACustomProgress.app */ = {isa = PBXFileReference; explicitFileType = wrapper.application; includeInIndex = 0; path = LACustomProgress.app; sourceTree = BUILT_PRODUCTS_DIR; };
		D29296A5206DC75400B5F358 /* AppDelegate.h */ = {isa = PBXFileReference; lastKnownFileType = sourcecode.c.h; path = AppDelegate.h; sourceTree = "<group>"; };
		D29296A6206DC75400B5F358 /* AppDelegate.m */ = {isa = PBXFileReference; lastKnownFileType = sourcecode.c.objc; path = AppDelegate.m; sourceTree = "<group>"; };
		D29296A8206DC75400B5F358 /* ViewController.h */ = {isa = PBXFileReference; lastKnownFileType = sourcecode.c.h; path = ViewController.h; sourceTree = "<group>"; };
		D29296A9206DC75400B5F358 /* ViewController.m */ = {isa = PBXFileReference; lastKnownFileType = sourcecode.c.objc; path = ViewController.m; sourceTree = "<group>"; };
		D29296AC206DC75400B5F358 /* Base */ = {isa = PBXFileReference; lastKnownFileType = file.storyboard; name = Base; path = Base.lproj/Main.storyboard; sourceTree = "<group>"; };
		D29296AE206DC75400B5F358 /* Assets.xcassets */ = {isa = PBXFileReference; lastKnownFileType = folder.assetcatalog; path = Assets.xcassets; sourceTree = "<group>"; };
		D29296B1206DC75400B5F358 /* Base */ = {isa = PBXFileReference; lastKnownFileType = file.storyboard; name = Base; path = Base.lproj/LaunchScreen.storyboard; sourceTree = "<group>"; };
		D29296B3206DC75400B5F358 /* Info.plist */ = {isa = PBXFileReference; lastKnownFileType = text.plist.xml; path = Info.plist; sourceTree = "<group>"; };
		D29296B4206DC75400B5F358 /* main.m */ = {isa = PBXFileReference; lastKnownFileType = sourcecode.c.objc; path = main.m; sourceTree = "<group>"; };
		D29296BA206DC75400B5F358 /* LACustomProgressTests.xctest */ = {isa = PBXFileReference; explicitFileType = wrapper.cfbundle; includeInIndex = 0; path = LACustomProgressTests.xctest; sourceTree = BUILT_PRODUCTS_DIR; };
		D29296BE206DC75400B5F358 /* LACustomProgressTests.m */ = {isa = PBXFileReference; lastKnownFileType = sourcecode.c.objc; path = LACustomProgressTests.m; sourceTree = "<group>"; };
		D29296C0206DC75400B5F358 /* Info.plist */ = {isa = PBXFileReference; lastKnownFileType = text.plist.xml; path = Info.plist; sourceTree = "<group>"; };
		D29296C5206DC75400B5F358 /* LACustomProgressUITests.xctest */ = {isa = PBXFileReference; explicitFileType = wrapper.cfbundle; includeInIndex = 0; path = LACustomProgressUITests.xctest; sourceTree = BUILT_PRODUCTS_DIR; };
		D29296C9206DC75400B5F358 /* LACustomProgressUITests.m */ = {isa = PBXFileReference; lastKnownFileType = sourcecode.c.objc; path = LACustomProgressUITests.m; sourceTree = "<group>"; };
		D29296CB206DC75400B5F358 /* Info.plist */ = {isa = PBXFileReference; lastKnownFileType = text.plist.xml; path = Info.plist; sourceTree = "<group>"; };
/* End PBXFileReference section */

/* Begin PBXFrameworksBuildPhase section */
		D292969F206DC75400B5F358 /* Frameworks */ = {
			isa = PBXFrameworksBuildPhase;
			buildActionMask = 2147483647;
			files = (
			);
			runOnlyForDeploymentPostprocessing = 0;
		};
		D29296B7206DC75400B5F358 /* Frameworks */ = {
			isa = PBXFrameworksBuildPhase;
			buildActionMask = 2147483647;
			files = (
			);
			runOnlyForDeploymentPostprocessing = 0;
		};
		D29296C2206DC75400B5F358 /* Frameworks */ = {
			isa = PBXFrameworksBuildPhase;
			buildActionMask = 2147483647;
			files = (
			);
			runOnlyForDeploymentPostprocessing = 0;
		};
/* End PBXFrameworksBuildPhase section */

/* Begin PBXGroup section */
		D2929699206DC75400B5F358 = {
			isa = PBXGroup;
			children = (
				D29296A4206DC75400B5F358 /* LACustomProgress */,
				D29296BD206DC75400B5F358 /* LACustomProgressTests */,
				D29296C8206DC75400B5F358 /* LACustomProgressUITests */,
				D29296A3206DC75400B5F358 /* Products */,
			);
			sourceTree = "<group>";
		};
		D29296A3206DC75400B5F358 /* Products */ = {
			isa = PBXGroup;
			children = (
				D29296A2206DC75400B5F358 /* LACustomProgress.app */,
				D29296BA206DC75400B5F358 /* LACustomProgressTests.xctest */,
				D29296C5206DC75400B5F358 /* LACustomProgressUITests.xctest */,
			);
			name = Products;
			sourceTree = "<group>";
		};
		D29296A4206DC75400B5F358 /* LACustomProgress */ = {
			isa = PBXGroup;
			children = (
				D29296A5206DC75400B5F358 /* AppDelegate.h */,
				D29296A6206DC75400B5F358 /* AppDelegate.m */,
				D29296A8206DC75400B5F358 /* ViewController.h */,
				D29296A9206DC75400B5F358 /* ViewController.m */,
				D29296AB206DC75400B5F358 /* Main.storyboard */,
				D29296AE206DC75400B5F358 /* Assets.xcassets */,
				D29296B0206DC75400B5F358 /* LaunchScreen.storyboard */,
				D29296B3206DC75400B5F358 /* Info.plist */,
				D29296B4206DC75400B5F358 /* main.m */,
			);
			path = LACustomProgress;
			sourceTree = "<group>";
		};
		D29296BD206DC75400B5F358 /* LACustomProgressTests */ = {
			isa = PBXGroup;
			children = (
				D29296BE206DC75400B5F358 /* LACustomProgressTests.m */,
				D29296C0206DC75400B5F358 /* Info.plist */,
			);
			path = LACustomProgressTests;
			sourceTree = "<group>";
		};
		D29296C8206DC75400B5F358 /* LACustomProgressUITests */ = {
			isa = PBXGroup;
			children = (
				D29296C9206DC75400B5F358 /* LACustomProgressUITests.m */,
				D29296CB206DC75400B5F358 /* Info.plist */,
			);
			path = LACustomProgressUITests;
			sourceTree = "<group>";
		};
/* End PBXGroup section */

/* Begin PBXNativeTarget section */
		D29296A1206DC75400B5F358 /* LACustomProgress */ = {
			isa = PBXNativeTarget;
			buildConfigurationList = D29296CE206DC75400B5F358 /* Build configuration list for PBXNativeTarget "LACustomProgress" */;
			buildPhases = (
				D292969E206DC75400B5F358 /* Sources */,
				D292969F206DC75400B5F358 /* Frameworks */,
				D29296A0206DC75400B5F358 /* Resources */,
			);
			buildRules = (
			);
			dependencies = (
			);
			name = LACustomProgress;
			productName = LACustomProgress;
			productReference = D29296A2206DC75400B5F358 /* LACustomProgress.app */;
			productType = "com.apple.product-type.application";
		};
		D29296B9206DC75400B5F358 /* LACustomProgressTests */ = {
			isa = PBXNativeTarget;
			buildConfigurationList = D29296D1206DC75400B5F358 /* Build configuration list for PBXNativeTarget "LACustomProgressTests" */;
			buildPhases = (
				D29296B6206DC75400B5F358 /* Sources */,
				D29296B7206DC75400B5F358 /* Frameworks */,
				D29296B8206DC75400B5F358 /* Resources */,
			);
			buildRules = (
			);
			dependencies = (
				D29296BC206DC75400B5F358 /* PBXTargetDependency */,
			);
			name = LACustomProgressTests;
			productName = LACustomProgressTests;
			productReference = D29296BA206DC75400B5F358 /* LACustomProgressTests.xctest */;
			productType = "com.apple.product-type.bundle.unit-test";
		};
		D29296C4206DC75400B5F358 /* LACustomProgressUITests */ = {
			isa = PBXNativeTarget;
			buildConfigurationList = D29296D4206DC75400B5F358 /* Build configuration list for PBXNativeTarget "LACustomProgressUITests" */;
			buildPhases = (
				D29296C1206DC75400B5F358 /* Sources */,
				D29296C2206DC75400B5F358 /* Frameworks */,
				D29296C3206DC75400B5F358 /* Resources */,
			);
			buildRules = (
			);
			dependencies = (
				D29296C7206DC75400B5F358 /* PBXTargetDependency */,
			);
			name = LACustomProgressUITests;
			productName = LACustomProgressUITests;
			productReference = D29296C5206DC75400B5F358 /* LACustomProgressUITests.xctest */;
			productType = "com.apple.product-type.bundle.ui-testing";
		};
/* End PBXNativeTarget section */

/* Begin PBXProject section */
		D292969A206DC75400B5F358 /* Project object */ = {
			isa = PBXProject;
			attributes = {
				LastUpgradeCheck = 0920;
				ORGANIZATIONNAME = LiuQiqiang;
				TargetAttributes = {
					D29296A1206DC75400B5F358 = {
						CreatedOnToolsVersion = 9.2;
						ProvisioningStyle = Automatic;
					};
					D29296B9206DC75400B5F358 = {
						CreatedOnToolsVersion = 9.2;
						ProvisioningStyle = Automatic;
						TestTargetID = D29296A1206DC75400B5F358;
					};
					D29296C4206DC75400B5F358 = {
						CreatedOnToolsVersion = 9.2;
						ProvisioningStyle = Automatic;
						TestTargetID = D29296A1206DC75400B5F358;
					};
				};
			};
			buildConfigurationList = D292969D206DC75400B5F358 /* Build configuration list for PBXProject "LACustomProgress" */;
			compatibilityVersion = "Xcode 8.0";
			developmentRegion = en;
			hasScannedForEncodings = 0;
			knownRegions = (
				en,
				Base,
			);
			mainGroup = D2929699206DC75400B5F358;
			productRefGroup = D29296A3206DC75400B5F358 /* Products */;
			projectDirPath = "";
			projectRoot = "";
			targets = (
				D29296A1206DC75400B5F358 /* LACustomProgress */,
				D29296B9206DC75400B5F358 /* LACustomProgressTests */,
				D29296C4206DC75400B5F358 /* LACustomProgressUITests */,
			);
		};
/* End PBXProject section */

/* Begin PBXResourcesBuildPhase section */
		D29296A0206DC75400B5F358 /* Resources */ = {
			isa = PBXResourcesBuildPhase;
			buildActionMask = 2147483647;
			files = (
				D29296B2206DC75400B5F358 /* LaunchScreen.storyboard in Resources */,
				D29296AF206DC75400B5F358 /* Assets.xcassets in Resources */,
				D29296AD206DC75400B5F358 /* Main.storyboard in Resources */,
			);
			runOnlyForDeploymentPostprocessing = 0;
		};
		D29296B8206DC75400B5F358 /* Resources */ = {
			isa = PBXResourcesBuildPhase;
			buildActionMask = 2147483647;
			files = (
			);
			runOnlyForDeploymentPostprocessing = 0;
		};
		D29296C3206DC75400B5F358 /* Resources */ = {
			isa = PBXResourcesBuildPhase;
			buildActionMask = 2147483647;
			files = (
			);
			runOnlyForDeploymentPostprocessing = 0;
		};
/* End PBXResourcesBuildPhase section */

/* Begin PBXSourcesBuildPhase section */
		D292969E206DC75400B5F358 /* Sources */ = {
			isa = PBXSourcesBuildPhase;
			buildActionMask = 2147483647;
			files = (
				D29296AA206DC75400B5F358 /* ViewController.m in Sources */,
				D29296B5206DC75400B5F358 /* main.m in Sources */,
				D29296A7206DC75400B5F358 /* AppDelegate.m in Sources */,
			);
			runOnlyForDeploymentPostprocessing = 0;
		};
		D29296B6206DC75400B5F358 /* Sources */ = {
			isa = PBXSourcesBuildPhase;
			buildActionMask = 2147483647;
			files = (
				D29296BF206DC75400B5F358 /* LACustomProgressTests.m in Sources */,
			);
			runOnlyForDeploymentPostprocessing = 0;
		};
		D29296C1206DC75400B5F358 /* Sources */ = {
			isa = PBXSourcesBuildPhase;
			buildActionMask = 2147483647;
			files = (
				D29296CA206DC75400B5F358 /* LACustomProgressUITests.m in Sources */,
			);
			runOnlyForDeploymentPostprocessing = 0;
		};
/* End PBXSourcesBuildPhase section */

/* Begin PBXTargetDependency section */
		D29296BC206DC75400B5F358 /* PBXTargetDependency */ = {
			isa = PBXTargetDependency;
			target = D29296A1206DC75400B5F358 /* LACustomProgress */;
			targetProxy = D29296BB206DC75400B5F358 /* PBXContainerItemProxy */;
		};
		D29296C7206DC75400B5F358 /* PBXTargetDependency */ = {
			isa = PBXTargetDependency;
			target = D29296A1206DC75400B5F358 /* LACustomProgress */;
			targetProxy = D29296C6206DC75400B5F358 /* PBXContainerItemProxy */;
		};
/* End PBXTargetDependency section */

/* Begin PBXVariantGroup section */
		D29296AB206DC75400B5F358 /* Main.storyboard */ = {
			isa = PBXVariantGroup;
			children = (
				D29296AC206DC75400B5F358 /* Base */,
			);
			name = Main.storyboard;
			sourceTree = "<group>";
		};
		D29296B0206DC75400B5F358 /* LaunchScreen.storyboard */ = {
			isa = PBXVariantGroup;
			children = (
				D29296B1206DC75400B5F358 /* Base */,
			);
			name = LaunchScreen.storyboard;
			sourceTree = "<group>";
		};
/* End PBXVariantGroup section */

/* Begin XCBuildConfiguration section */
		D29296CC206DC75400B5F358 /* Debug */ = {
			isa = XCBuildConfiguration;
			buildSettings = {
				ALWAYS_SEARCH_USER_PATHS = NO;
				CLANG_ANALYZER_NONNULL = YES;
				CLANG_ANALYZER_NUMBER_OBJECT_CONVERSION = YES_AGGRESSIVE;
				CLANG_CXX_LANGUAGE_STANDARD = "gnu++14";
				CLANG_CXX_LIBRARY = "libc++";
				CLANG_ENABLE_MODULES = YES;
				CLANG_ENABLE_OBJC_ARC = YES;
				CLANG_WARN_BLOCK_CAPTURE_AUTORELEASING = YES;
				CLANG_WARN_BOOL_CONVERSION = YES;
				CLANG_WARN_COMMA = YES;
				CLANG_WARN_CONSTANT_CONVERSION = YES;
				CLANG_WARN_DIRECT_OBJC_ISA_USAGE = YES_ERROR;
				CLANG_WARN_DOCUMENTATION_COMMENTS = YES;
				CLANG_WARN_EMPTY_BODY = YES;
				CLANG_WARN_ENUM_CONVERSION = YES;
				CLANG_WARN_INFINITE_RECURSION = YES;
				CLANG_WARN_INT_CONVERSION = YES;
				CLANG_WARN_NON_LITERAL_NULL_CONVERSION = YES;
				CLANG_WARN_OBJC_LITERAL_CONVERSION = YES;
				CLANG_WARN_OBJC_ROOT_CLASS = YES_ERROR;
				CLANG_WARN_RANGE_LOOP_ANALYSIS = YES;
				CLANG_WARN_STRICT_PROTOTYPES = YES;
				CLANG_WARN_SUSPICIOUS_MOVE = YES;
				CLANG_WARN_UNGUARDED_AVAILABILITY = YES_AGGRESSIVE;
				CLANG_WARN_UNREACHABLE_CODE = YES;
				CLANG_WARN__DUPLICATE_METHOD_MATCH = YES;
				CODE_SIGN_IDENTITY = "iPhone Developer";
				COPY_PHASE_STRIP = NO;
				DEBUG_INFORMATION_FORMAT = dwarf;
				ENABLE_STRICT_OBJC_MSGSEND = YES;
				ENABLE_TESTABILITY = YES;
				GCC_C_LANGUAGE_STANDARD = gnu11;
				GCC_DYNAMIC_NO_PIC = NO;
				GCC_NO_COMMON_BLOCKS = YES;
				GCC_OPTIMIZATION_LEVEL = 0;
				GCC_PREPROCESSOR_DEFINITIONS = (
					"DEBUG=1",
					"$(inherited)",
				);
				GCC_WARN_64_TO_32_BIT_CONVERSION = YES;
				GCC_WARN_ABOUT_RETURN_TYPE = YES_ERROR;
				GCC_WARN_UNDECLARED_SELECTOR = YES;
				GCC_WARN_UNINITIALIZED_AUTOS = YES_AGGRESSIVE;
				GCC_WARN_UNUSED_FUNCTION = YES;
				GCC_WARN_UNUSED_VARIABLE = YES;
				IPHONEOS_DEPLOYMENT_TARGET = 11.2;
				MTL_ENABLE_DEBUG_INFO = YES;
				ONLY_ACTIVE_ARCH = YES;
				SDKROOT = iphoneos;
			};
			name = Debug;
		};
		D29296CD206DC75400B5F358 /* Release */ = {
			isa = XCBuildConfiguration;
			buildSettings = {
				ALWAYS_SEARCH_USER_PATHS = NO;
				CLANG_ANALYZER_NONNULL = YES;
				CLANG_ANALYZER_NUMBER_OBJECT_CONVERSION = YES_AGGRESSIVE;
				CLANG_CXX_LANGUAGE_STANDARD = "gnu++14";
				CLANG_CXX_LIBRARY = "libc++";
				CLANG_ENABLE_MODULES = YES;
				CLANG_ENABLE_OBJC_ARC = YES;
				CLANG_WARN_BLOCK_CAPTURE_AUTORELEASING = YES;
				CLANG_WARN_BOOL_CONVERSION = YES;
				CLANG_WARN_COMMA = YES;
				CLANG_WARN_CONSTANT_CONVERSION = YES;
				CLANG_WARN_DIRECT_OBJC_ISA_USAGE = YES_ERROR;
				CLANG_WARN_DOCUMENTATION_COMMENTS = YES;
				CLANG_WARN_EMPTY_BODY = YES;
				CLANG_WARN_ENUM_CONVERSION = YES;
				CLANG_WARN_INFINITE_RECURSION = YES;
				CLANG_WARN_INT_CONVERSION = YES;
				CLANG_WARN_NON_LITERAL_NULL_CONVERSION = YES;
				CLANG_WARN_OBJC_LITERAL_CONVERSION = YES;
				CLANG_WARN_OBJC_ROOT_CLASS = YES_ERROR;
				CLANG_WARN_RANGE_LOOP_ANALYSIS = YES;
				CLANG_WARN_STRICT_PROTOTYPES = YES;
				CLANG_WARN_SUSPICIOUS_MOVE = YES;
				CLANG_WARN_UNGUARDED_AVAILABILITY = YES_AGGRESSIVE;
				CLANG_WARN_UNREACHABLE_CODE = YES;
				CLANG_WARN__DUPLICATE_METHOD_MATCH = YES;
				CODE_SIGN_IDENTITY = "iPhone Developer";
				COPY_PHASE_STRIP = NO;
				DEBUG_INFORMATION_FORMAT = "dwarf-with-dsym";
				ENABLE_NS_ASSERTIONS = NO;
				ENABLE_STRICT_OBJC_MSGSEND = YES;
				GCC_C_LANGUAGE_STANDARD = gnu11;
				GCC_NO_COMMON_BLOCKS = YES;
				GCC_WARN_64_TO_32_BIT_CONVERSION = YES;
				GCC_WARN_ABOUT_RETURN_TYPE = YES_ERROR;
				GCC_WARN_UNDECLARED_SELECTOR = YES;
				GCC_WARN_UNINITIALIZED_AUTOS = YES_AGGRESSIVE;
				GCC_WARN_UNUSED_FUNCTION = YES;
				GCC_WARN_UNUSED_VARIABLE = YES;
				IPHONEOS_DEPLOYMENT_TARGET = 11.2;
				MTL_ENABLE_DEBUG_INFO = NO;
				SDKROOT = iphoneos;
				VALIDATE_PRODUCT = YES;
			};
			name = Release;
		};
		D29296CF206DC75400B5F358 /* Debug */ = {
			isa = XCBuildConfiguration;
			buildSettings = {
				ASSETCATALOG_COMPILER_APPICON_NAME = AppIcon;
				CODE_SIGN_STYLE = Automatic;
				INFOPLIST_FILE = LACustomProgress/Info.plist;
				LD_RUNPATH_SEARCH_PATHS = "$(inherited) @executable_path/Frameworks";
				PRODUCT_BUNDLE_IDENTIFIER = com.ldshare.LACustomProgress;
				PRODUCT_NAME = "$(TARGET_NAME)";
				TARGETED_DEVICE_FAMILY = "1,2";
			};
			name = Debug;
		};
		D29296D0206DC75400B5F358 /* Release */ = {
			isa = XCBuildConfiguration;
			buildSettings = {
				ASSETCATALOG_COMPILER_APPICON_NAME = AppIcon;
				CODE_SIGN_STYLE = Automatic;
				INFOPLIST_FILE = LACustomProgress/Info.plist;
				LD_RUNPATH_SEARCH_PATHS = "$(inherited) @executable_path/Frameworks";
				PRODUCT_BUNDLE_IDENTIFIER = com.ldshare.LACustomProgress;
				PRODUCT_NAME = "$(TARGET_NAME)";
				TARGETED_DEVICE_FAMILY = "1,2";
			};
			name = Release;
		};
		D29296D2206DC75400B5F358 /* Debug */ = {
			isa = XCBuildConfiguration;
			buildSettings = {
				BUNDLE_LOADER = "$(TEST_HOST)";
				CODE_SIGN_STYLE = Automatic;
				INFOPLIST_FILE = LACustomProgressTests/Info.plist;
				LD_RUNPATH_SEARCH_PATHS = "$(inherited) @executable_path/Frameworks @loader_path/Frameworks";
				PRODUCT_BUNDLE_IDENTIFIER = com.ldshare.LACustomProgressTests;
				PRODUCT_NAME = "$(TARGET_NAME)";
				TARGETED_DEVICE_FAMILY = "1,2";
				TEST_HOST = "$(BUILT_PRODUCTS_DIR)/LACustomProgress.app/LACustomProgress";
			};
			name = Debug;
		};
		D29296D3206DC75400B5F358 /* Release */ = {
			isa = XCBuildConfiguration;
			buildSettings = {
				BUNDLE_LOADER = "$(TEST_HOST)";
				CODE_SIGN_STYLE = Automatic;
				INFOPLIST_FILE = LACustomProgressTests/Info.plist;
				LD_RUNPATH_SEARCH_PATHS = "$(inherited) @executable_path/Frameworks @loader_path/Frameworks";
				PRODUCT_BUNDLE_IDENTIFIER = com.ldshare.LACustomProgressTests;
				PRODUCT_NAME = "$(TARGET_NAME)";
				TARGETED_DEVICE_FAMILY = "1,2";
				TEST_HOST = "$(BUILT_PRODUCTS_DIR)/LACustomProgress.app/LACustomProgress";
			};
			name = Release;
		};
		D29296D5206DC75400B5F358 /* Debug */ = {
			isa = XCBuildConfiguration;
			buildSettings = {
				CODE_SIGN_STYLE = Automatic;
				INFOPLIST_FILE = LACustomProgressUITests/Info.plist;
				LD_RUNPATH_SEARCH_PATHS = "$(inherited) @executable_path/Frameworks @loader_path/Frameworks";
				PRODUCT_BUNDLE_IDENTIFIER = com.ldshare.LACustomProgressUITests;
				PRODUCT_NAME = "$(TARGET_NAME)";
				TARGETED_DEVICE_FAMILY = "1,2";
				TEST_TARGET_NAME = LACustomProgress;
			};
			name = Debug;
		};
		D29296D6206DC75400B5F358 /* Release */ = {
			isa = XCBuildConfiguration;
			buildSettings = {
				CODE_SIGN_STYLE = Automatic;
				INFOPLIST_FILE = LACustomProgressUITests/Info.plist;
				LD_RUNPATH_SEARCH_PATHS = "$(inherited) @executable_path/Frameworks @loader_path/Frameworks";
				PRODUCT_BUNDLE_IDENTIFIER = com.ldshare.LACustomProgressUITests;
				PRODUCT_NAME = "$(TARGET_NAME)";
				TARGETED_DEVICE_FAMILY = "1,2";
				TEST_TARGET_NAME = LACustomProgress;
			};
			name = Release;
		};
/* End XCBuildConfiguration section */

/* Begin XCConfigurationList section */
		D292969D206DC75400B5F358 /* Build configuration list for PBXProject "LACustomProgress" */ = {
			isa = XCConfigurationList;
			buildConfigurations = (
				D29296CC206DC75400B5F358 /* Debug */,
				D29296CD206DC75400B5F358 /* Release */,
			);
			defaultConfigurationIsVisible = 0;
			defaultConfigurationName = Release;
		};
		D29296CE206DC75400B5F358 /* Build configuration list for PBXNativeTarget "LACustomProgress" */ = {
			isa = XCConfigurationList;
			buildConfigurations = (
				D29296CF206DC75400B5F358 /* Debug */,
				D29296D0206DC75400B5F358 /* Release */,
			);
			defaultConfigurationIsVisible = 0;
			defaultConfigurationName = Release;
		};
		D29296D1206DC75400B5F358 /* Build configuration list for PBXNativeTarget "LACustomProgressTests" */ = {
			isa = XCConfigurationList;
			buildConfigurations = (
				D29296D2206DC75400B5F358 /* Debug */,
				D29296D3206DC75400B5F358 /* Release */,
			);
			defaultConfigurationIsVisible = 0;
			defaultConfigurationName = Release;
		};
		D29296D4206DC75400B5F358 /* Build configuration list for PBXNativeTarget "LACustomProgressUITests" */ = {
			isa = XCConfigurationList;
			buildConfigurations = (
				D29296D5206DC75400B5F358 /* Debug */,
				D29296D6206DC75400B5F358 /* Release */,
			);
			defaultConfigurationIsVisible = 0;
			defaultConfigurationName = Release;
		};
/* End XCConfigurationList section */
	};
	rootObject = D292969A206DC75400B5F358 /* Project object */;
}
